// !$*UTF8*$!
{
	archiveVersion = 1;
	classes = {
	};
	objectVersion = 50;
	objects = {

/* Begin PBXBuildFile section */
		76B7D306224CA6A800B625DC /* AppDelegate.m in Sources */ = {isa = PBXBuildFile; fileRef = 76B7D305224CA6A800B625DC /* AppDelegate.m */; };
		76B7D309224CA6A800B625DC /* ViewController.m in Sources */ = {isa = PBXBuildFile; fileRef = 76B7D308224CA6A800B625DC /* ViewController.m */; };
		76B7D30C224CA6A800B625DC /* Main.storyboard in Resources */ = {isa = PBXBuildFile; fileRef = 76B7D30A224CA6A800B625DC /* Main.storyboard */; };
		76B7D30E224CA6A800B625DC /* Assets.xcassets in Resources */ = {isa = PBXBuildFile; fileRef = 76B7D30D224CA6A800B625DC /* Assets.xcassets */; };
		76B7D311224CA6A800B625DC /* LaunchScreen.storyboard in Resources */ = {isa = PBXBuildFile; fileRef = 76B7D30F224CA6A800B625DC /* LaunchScreen.storyboard */; };
		76B7D314224CA6A800B625DC /* main.m in Sources */ = {isa = PBXBuildFile; fileRef = 76B7D313224CA6A800B625DC /* main.m */; };
		76B7D31C224CA6BC00B625DC /* myPerson.m in Sources */ = {isa = PBXBuildFile; fileRef = 76B7D31A224CA6BC00B625DC /* myPerson.m */; };
		76B7D36D224E3A4C00B625DC /* UIControl+Extension.m in Sources */ = {isa = PBXBuildFile; fileRef = 76B7D36C224E3A4C00B625DC /* UIControl+Extension.m */; };
		76B7D370224E3CBF00B625DC /* NSMutableArray+Extension.m in Sources */ = {isa = PBXBuildFile; fileRef = 76B7D36F224E3CBF00B625DC /* NSMutableArray+Extension.m */; };
		76B7D373224E3DB700B625DC /* NSMutableDictionary+Extension.m in Sources */ = {isa = PBXBuildFile; fileRef = 76B7D372224E3DB700B625DC /* NSMutableDictionary+Extension.m */; };
/* End PBXBuildFile section */

/* Begin PBXFileReference section */
		76B7D301224CA6A800B625DC /* Runtime_02.app */ = {isa = PBXFileReference; explicitFileType = wrapper.application; includeInIndex = 0; path = Runtime_02.app; sourceTree = BUILT_PRODUCTS_DIR; };
		76B7D304224CA6A800B625DC /* AppDelegate.h */ = {isa = PBXFileReference; lastKnownFileType = sourcecode.c.h; path = AppDelegate.h; sourceTree = "<group>"; };
		76B7D305224CA6A800B625DC /* AppDelegate.m */ = {isa = PBXFileReference; lastKnownFileType = sourcecode.c.objc; path = AppDelegate.m; sourceTree = "<group>"; };
		76B7D307224CA6A800B625DC /* ViewController.h */ = {isa = PBXFileReference; lastKnownFileType = sourcecode.c.h; path = ViewController.h; sourceTree = "<group>"; };
		76B7D308224CA6A800B625DC /* ViewController.m */ = {isa = PBXFileReference; lastKnownFileType = sourcecode.c.objc; path = ViewController.m; sourceTree = "<group>"; };
		76B7D30B224CA6A800B625DC /* Base */ = {isa = PBXFileReference; lastKnownFileType = file.storyboard; name = Base; path = Base.lproj/Main.storyboard; sourceTree = "<group>"; };
		76B7D30D224CA6A800B625DC /* Assets.xcassets */ = {isa = PBXFileReference; lastKnownFileType = folder.assetcatalog; path = Assets.xcassets; sourceTree = "<group>"; };
		76B7D310224CA6A800B625DC /* Base */ = {isa = PBXFileReference; lastKnownFileType = file.storyboard; name = Base; path = Base.lproj/LaunchScreen.storyboard; sourceTree = "<group>"; };
		76B7D312224CA6A800B625DC /* Info.plist */ = {isa = PBXFileReference; lastKnownFileType = text.plist.xml; path = Info.plist; sourceTree = "<group>"; };
		76B7D313224CA6A800B625DC /* main.m */ = {isa = PBXFileReference; lastKnownFileType = sourcecode.c.objc; path = main.m; sourceTree = "<group>"; };
		76B7D31A224CA6BC00B625DC /* myPerson.m */ = {isa = PBXFileReference; fileEncoding = 4; lastKnownFileType = sourcecode.c.objc; path = myPerson.m; sourceTree = "<group>"; };
		76B7D31B224CA6BC00B625DC /* myPerson.h */ = {isa = PBXFileReference; fileEncoding = 4; lastKnownFileType = sourcecode.c.h; path = myPerson.h; sourceTree = "<group>"; };
		76B7D36B224E3A4C00B625DC /* UIControl+Extension.h */ = {isa = PBXFileReference; lastKnownFileType = sourcecode.c.h; path = "UIControl+Extension.h"; sourceTree = "<group>"; };
		76B7D36C224E3A4C00B625DC /* UIControl+Extension.m */ = {isa = PBXFileReference; lastKnownFileType = sourcecode.c.objc; path = "UIControl+Extension.m"; sourceTree = "<group>"; };
		76B7D36E224E3CBF00B625DC /* NSMutableArray+Extension.h */ = {isa = PBXFileReference; lastKnownFileType = sourcecode.c.h; path = "NSMutableArray+Extension.h"; sourceTree = "<group>"; };
		76B7D36F224E3CBF00B625DC /* NSMutableArray+Extension.m */ = {isa = PBXFileReference; lastKnownFileType = sourcecode.c.objc; path = "NSMutableArray+Extension.m"; sourceTree = "<group>"; };
		76B7D371224E3DB700B625DC /* NSMutableDictionary+Extension.h */ = {isa = PBXFileReference; lastKnownFileType = sourcecode.c.h; path = "NSMutableDictionary+Extension.h"; sourceTree = "<group>"; };
		76B7D372224E3DB700B625DC /* NSMutableDictionary+Extension.m */ = {isa = PBXFileReference; lastKnownFileType = sourcecode.c.objc; path = "NSMutableDictionary+Extension.m"; sourceTree = "<group>"; };
/* End PBXFileReference section */

/* Begin PBXFrameworksBuildPhase section */
		76B7D2FE224CA6A800B625DC /* Frameworks */ = {
			isa = PBXFrameworksBuildPhase;
			buildActionMask = 2147483647;
			files = (
			);
			runOnlyForDeploymentPostprocessing = 0;
		};
/* End PBXFrameworksBuildPhase section */

/* Begin PBXGroup section */
		76B7D2F8224CA6A700B625DC = {
			isa = PBXGroup;
			children = (
				76B7D303224CA6A800B625DC /* Runtime_02 */,
				76B7D302224CA6A800B625DC /* Products */,
			);
			sourceTree = "<group>";
		};
		76B7D302224CA6A800B625DC /* Products */ = {
			isa = PBXGroup;
			children = (
				76B7D301224CA6A800B625DC /* Runtime_02.app */,
			);
			name = Products;
			sourceTree = "<group>";
		};
		76B7D303224CA6A800B625DC /* Runtime_02 */ = {
			isa = PBXGroup;
			children = (
				76B7D31B224CA6BC00B625DC /* myPerson.h */,
				76B7D31A224CA6BC00B625DC /* myPerson.m */,
				76B7D304224CA6A800B625DC /* AppDelegate.h */,
				76B7D305224CA6A800B625DC /* AppDelegate.m */,
				76B7D307224CA6A800B625DC /* ViewController.h */,
				76B7D308224CA6A800B625DC /* ViewController.m */,
				76B7D36B224E3A4C00B625DC /* UIControl+Extension.h */,
				76B7D36C224E3A4C00B625DC /* UIControl+Extension.m */,
				76B7D36E224E3CBF00B625DC /* NSMutableArray+Extension.h */,
				76B7D36F224E3CBF00B625DC /* NSMutableArray+Extension.m */,
				76B7D371224E3DB700B625DC /* NSMutableDictionary+Extension.h */,
				76B7D372224E3DB700B625DC /* NSMutableDictionary+Extension.m */,
				76B7D30A224CA6A800B625DC /* Main.storyboard */,
				76B7D30D224CA6A800B625DC /* Assets.xcassets */,
				76B7D30F224CA6A800B625DC /* LaunchScreen.storyboard */,
				76B7D312224CA6A800B625DC /* Info.plist */,
				76B7D313224CA6A800B625DC /* main.m */,
			);
			path = Runtime_02;
			sourceTree = "<group>";
		};
/* End PBXGroup section */

/* Begin PBXNativeTarget section */
		76B7D300224CA6A800B625DC /* Runtime_02 */ = {
			isa = PBXNativeTarget;
			buildConfigurationList = 76B7D317224CA6A800B625DC /* Build configuration list for PBXNativeTarget "Runtime_02" */;
			buildPhases = (
				76B7D2FD224CA6A800B625DC /* Sources */,
				76B7D2FE224CA6A800B625DC /* Frameworks */,
				76B7D2FF224CA6A800B625DC /* Resources */,
			);
			buildRules = (
			);
			dependencies = (
			);
			name = Runtime_02;
			productName = Runtime_02;
			productReference = 76B7D301224CA6A800B625DC /* Runtime_02.app */;
			productType = "com.apple.product-type.application";
		};
/* End PBXNativeTarget section */

/* Begin PBXProject section */
		76B7D2F9224CA6A700B625DC /* Project object */ = {
			isa = PBXProject;
			attributes = {
				LastUpgradeCheck = 1010;
				ORGANIZATIONNAME = smile;
				TargetAttributes = {
					76B7D300224CA6A800B625DC = {
						CreatedOnToolsVersion = 10.1;
					};
				};
			};
			buildConfigurationList = 76B7D2FC224CA6A700B625DC /* Build configuration list for PBXProject "Runtime_02" */;
			compatibilityVersion = "Xcode 9.3";
			developmentRegion = en;
			hasScannedForEncodings = 0;
			knownRegions = (
				en,
				Base,
			);
			mainGroup = 76B7D2F8224CA6A700B625DC;
			productRefGroup = 76B7D302224CA6A800B625DC /* Products */;
			projectDirPath = "";
			projectRoot = "";
			targets = (
				76B7D300224CA6A800B625DC /* Runtime_02 */,
			);
		};
/* End PBXProject section */

/* Begin PBXResourcesBuildPhase section */
		76B7D2FF224CA6A800B625DC /* Resources */ = {
			isa = PBXResourcesBuildPhase;
			buildActionMask = 2147483647;
			files = (
				76B7D311224CA6A800B625DC /* LaunchScreen.storyboard in Resources */,
				76B7D30E224CA6A800B625DC /* Assets.xcassets in Resources */,
				76B7D30C224CA6A800B625DC /* Main.storyboard in Resources */,
			);
			runOnlyForDeploymentPostprocessing = 0;
		};
/* End PBXResourcesBuildPhase section */

/* Begin PBXSourcesBuildPhase section */
		76B7D2FD224CA6A800B625DC /* Sources */ = {
			isa = PBXSourcesBuildPhase;
			buildActionMask = 2147483647;
			files = (
				76B7D309224CA6A800B625DC /* ViewController.m in Sources */,
				76B7D370224E3CBF00B625DC /* NSMutableArray+Extension.m in Sources */,
				76B7D314224CA6A800B625DC /* main.m in Sources */,
				76B7D31C224CA6BC00B625DC /* myPerson.m in Sources */,
				76B7D36D224E3A4C00B625DC /* UIControl+Extension.m in Sources */,
				76B7D373224E3DB700B625DC /* NSMutableDictionary+Extension.m in Sources */,
				76B7D306224CA6A800B625DC /* AppDelegate.m in Sources */,
			);
			runOnlyForDeploymentPostprocessing = 0;
		};
/* End PBXSourcesBuildPhase section */

/* Begin PBXVariantGroup section */
		76B7D30A224CA6A800B625DC /* Main.storyboard */ = {
			isa = PBXVariantGroup;
			children = (
				76B7D30B224CA6A800B625DC /* Base */,
			);
			name = Main.storyboard;
			sourceTree = "<group>";
		};
		76B7D30F224CA6A800B625DC /* LaunchScreen.storyboard */ = {
			isa = PBXVariantGroup;
			children = (
				76B7D310224CA6A800B625DC /* Base */,
			);
			name = LaunchScreen.storyboard;
			sourceTree = "<group>";
		};
/* End PBXVariantGroup section */

/* Begin XCBuildConfiguration section */
		76B7D315224CA6A800B625DC /* Debug */ = {
			isa = XCBuildConfiguration;
			buildSettings = {
				ALWAYS_SEARCH_USER_PATHS = NO;
				CLANG_ANALYZER_NONNULL = YES;
				CLANG_ANALYZER_NUMBER_OBJECT_CONVERSION = YES_AGGRESSIVE;
				CLANG_CXX_LANGUAGE_STANDARD = "gnu++14";
				CLANG_CXX_LIBRARY = "libc++";
				CLANG_ENABLE_MODULES = YES;
				CLANG_ENABLE_OBJC_ARC = YES;
				CLANG_ENABLE_OBJC_WEAK = YES;
				CLANG_WARN_BLOCK_CAPTURE_AUTORELEASING = YES;
				CLANG_WARN_BOOL_CONVERSION = YES;
				CLANG_WARN_COMMA = YES;
				CLANG_WARN_CONSTANT_CONVERSION = YES;
				CLANG_WARN_DEPRECATED_OBJC_IMPLEMENTATIONS = YES;
				CLANG_WARN_DIRECT_OBJC_ISA_USAGE = YES_ERROR;
				CLANG_WARN_DOCUMENTATION_COMMENTS = YES;
				CLANG_WARN_EMPTY_BODY = YES;
				CLANG_WARN_ENUM_CONVERSION = YES;
				CLANG_WARN_INFINITE_RECURSION = YES;
				CLANG_WARN_INT_CONVERSION = YES;
				CLANG_WARN_NON_LITERAL_NULL_CONVERSION = YES;
				CLANG_WARN_OBJC_IMPLICIT_RETAIN_SELF = YES;
				CLANG_WARN_OBJC_LITERAL_CONVERSION = YES;
				CLANG_WARN_OBJC_ROOT_CLASS = YES_ERROR;
				CLANG_WARN_RANGE_LOOP_ANALYSIS = YES;
				CLANG_WARN_STRICT_PROTOTYPES = YES;
				CLANG_WARN_SUSPICIOUS_MOVE = YES;
				CLANG_WARN_UNGUARDED_AVAILABILITY = YES_AGGRESSIVE;
				CLANG_WARN_UNREACHABLE_CODE = YES;
				CLANG_WARN__DUPLICATE_METHOD_MATCH = YES;
				CODE_SIGN_IDENTITY = "iPhone Developer";
				COPY_PHASE_STRIP = NO;
				DEBUG_INFORMATION_FORMAT = dwarf;
				ENABLE_STRICT_OBJC_MSGSEND = YES;
				ENABLE_TESTABILITY = YES;
				GCC_C_LANGUAGE_STANDARD = gnu11;
				GCC_DYNAMIC_NO_PIC = NO;
				GCC_NO_COMMON_BLOCKS = YES;
				GCC_OPTIMIZATION_LEVEL = 0;
				GCC_PREPROCESSOR_DEFINITIONS = (
					"DEBUG=1",
					"$(inherited)",
				);
				GCC_WARN_64_TO_32_BIT_CONVERSION = YES;
				GCC_WARN_ABOUT_RETURN_TYPE = YES_ERROR;
				GCC_WARN_UNDECLARED_SELECTOR = YES;
				GCC_WARN_UNINITIALIZED_AUTOS = YES_AGGRESSIVE;
				GCC_WARN_UNUSED_FUNCTION = YES;
				GCC_WARN_UNUSED_VARIABLE = YES;
				IPHONEOS_DEPLOYMENT_TARGET = 12.1;
				MTL_ENABLE_DEBUG_INFO = INCLUDE_SOURCE;
				MTL_FAST_MATH = YES;
				ONLY_ACTIVE_ARCH = YES;
				SDKROOT = iphoneos;
			};
			name = Debug;
		};
		76B7D316224CA6A800B625DC /* Release */ = {
			isa = XCBuildConfiguration;
			buildSettings = {
				ALWAYS_SEARCH_USER_PATHS = NO;
				CLANG_ANALYZER_NONNULL = YES;
				CLANG_ANALYZER_NUMBER_OBJECT_CONVERSION = YES_AGGRESSIVE;
				CLANG_CXX_LANGUAGE_STANDARD = "gnu++14";
				CLANG_CXX_LIBRARY = "libc++";
				CLANG_ENABLE_MODULES = YES;
				CLANG_ENABLE_OBJC_ARC = YES;
				CLANG_ENABLE_OBJC_WEAK = YES;
				CLANG_WARN_BLOCK_CAPTURE_AUTORELEASING = YES;
				CLANG_WARN_BOOL_CONVERSION = YES;
				CLANG_WARN_COMMA = YES;
				CLANG_WARN_CONSTANT_CONVERSION = YES;
				CLANG_WARN_DEPRECATED_OBJC_IMPLEMENTATIONS = YES;
				CLANG_WARN_DIRECT_OBJC_ISA_USAGE = YES_ERROR;
				CLANG_WARN_DOCUMENTATION_COMMENTS = YES;
				CLANG_WARN_EMPTY_BODY = YES;
				CLANG_WARN_ENUM_CONVERSION = YES;
				CLANG_WARN_INFINITE_RECURSION = YES;
				CLANG_WARN_INT_CONVERSION = YES;
				CLANG_WARN_NON_LITERAL_NULL_CONVERSION = YES;
				CLANG_WARN_OBJC_IMPLICIT_RETAIN_SELF = YES;
				CLANG_WARN_OBJC_LITERAL_CONVERSION = YES;
				CLANG_WARN_OBJC_ROOT_CLASS = YES_ERROR;
				CLANG_WARN_RANGE_LOOP_ANALYSIS = YES;
				CLANG_WARN_STRICT_PROTOTYPES = YES;
				CLANG_WARN_SUSPICIOUS_MOVE = YES;
				CLANG_WARN_UNGUARDED_AVAILABILITY = YES_AGGRESSIVE;
				CLANG_WARN_UNREACHABLE_CODE = YES;
				CLANG_WARN__DUPLICATE_METHOD_MATCH = YES;
				CODE_SIGN_IDENTITY = "iPhone Developer";
				COPY_PHASE_STRIP = NO;
				DEBUG_INFORMATION_FORMAT = "dwarf-with-dsym";
				ENABLE_NS_ASSERTIONS = NO;
				ENABLE_STRICT_OBJC_MSGSEND = YES;
				GCC_C_LANGUAGE_STANDARD = gnu11;
				GCC_NO_COMMON_BLOCKS = YES;
				GCC_WARN_64_TO_32_BIT_CONVERSION = YES;
				GCC_WARN_ABOUT_RETURN_TYPE = YES_ERROR;
				GCC_WARN_UNDECLARED_SELECTOR = YES;
				GCC_WARN_UNINITIALIZED_AUTOS = YES_AGGRESSIVE;
				GCC_WARN_UNUSED_FUNCTION = YES;
				GCC_WARN_UNUSED_VARIABLE = YES;
				IPHONEOS_DEPLOYMENT_TARGET = 12.1;
				MTL_ENABLE_DEBUG_INFO = NO;
				MTL_FAST_MATH = YES;
				SDKROOT = iphoneos;
				VALIDATE_PRODUCT = YES;
			};
			name = Release;
		};
		76B7D318224CA6A800B625DC /* Debug */ = {
			isa = XCBuildConfiguration;
			buildSettings = {
				ASSETCATALOG_COMPILER_APPICON_NAME = AppIcon;
				CODE_SIGN_STYLE = Automatic;
				INFOPLIST_FILE = Runtime_02/Info.plist;
				LD_RUNPATH_SEARCH_PATHS = (
					"$(inherited)",
					"@executable_path/Frameworks",
				);
				PRODUCT_BUNDLE_IDENTIFIER = "smile.Runtime-02";
				PRODUCT_NAME = "$(TARGET_NAME)";
				TARGETED_DEVICE_FAMILY = "1,2";
			};
			name = Debug;
		};
		76B7D319224CA6A800B625DC /* Release */ = {
			isa = XCBuildConfiguration;
			buildSettings = {
				ASSETCATALOG_COMPILER_APPICON_NAME = AppIcon;
				CODE_SIGN_STYLE = Automatic;
				INFOPLIST_FILE = Runtime_02/Info.plist;
				LD_RUNPATH_SEARCH_PATHS = (
					"$(inherited)",
					"@executable_path/Frameworks",
				);
				PRODUCT_BUNDLE_IDENTIFIER = "smile.Runtime-02";
				PRODUCT_NAME = "$(TARGET_NAME)";
				TARGETED_DEVICE_FAMILY = "1,2";
			};
			name = Release;
		};
/* End XCBuildConfiguration section */

/* Begin XCConfigurationList section */
		76B7D2FC224CA6A700B625DC /* Build configuration list for PBXProject "Runtime_02" */ = {
			isa = XCConfigurationList;
			buildConfigurations = (
				76B7D315224CA6A800B625DC /* Debug */,
				76B7D316224CA6A800B625DC /* Release */,
			);
			defaultConfigurationIsVisible = 0;
			defaultConfigurationName = Release;
		};
		76B7D317224CA6A800B625DC /* Build configuration list for PBXNativeTarget "Runtime_02" */ = {
			isa = XCConfigurationList;
			buildConfigurations = (
				76B7D318224CA6A800B625DC /* Debug */,
				76B7D319224CA6A800B625DC /* Release */,
			);
			defaultConfigurationIsVisible = 0;
			defaultConfigurationName = Release;
		};
/* End XCConfigurationList section */
	};
	rootObject = 76B7D2F9224CA6A700B625DC /* Project object */;
}
